
Microsoft Visual Studio Solution File, Format Version 12.00
# Visual Studio 15
VisualStudioVersion = 15.0.28307.106
MinimumVisualStudioVersion = 10.0.40219.1
Project("{8BC9CEB8-8B4A-11D0-8D11-00A0C91BC942}") = "sdlimguieditor", "sdlimguieditor\sdlimguieditor.vcxproj", "{47D1010A-1869-46A1-9EAB-2A117A63805C}"
EndProject
Global
	GlobalSection(SolutionConfigurationPlatforms) = preSolution
		Debug|x64 = Debug|x64
		Debug|x86 = Debug|x86
		Release|x64 = Release|x64
		Release|x86 = Release|x86
	EndGlobalSection
	GlobalSection(ProjectConfigurationPlatforms) = postSolution
		{47D1010A-1869-46A1-9EAB-2A117A63805C}.Debug|x64.ActiveCfg = Debug|x64
		{47D1010A-1869-46A1-9EAB-2A117A63805C}.Debug|x64.Build.0 = Debug|x64
		{47D1010A-1869-46A1-9EAB-2A117A63805C}.Debug|x86.ActiveCfg = Debug|Win32
		{47D1010A-1869-46A1-9EAB-2A117A63805C}.Debug|x86.Build.0 = Debug|Win32
		{47D1010A-1869-46A1-9EAB-2A117A63805C}.Release|x64.ActiveCfg = Release|x64
		{47D1010A-1869-46A1-9EAB-2A117A63805C}.Release|x64.Build.0 = Release|x64
		{47D1010A-1869-46A1-9EAB-2A117A63805C}.Release|x86.ActiveCfg = Release|Win32
		{47D1010A-1869-46A1-9EAB-2A117A63805C}.Release|x86.Build.0 = Release|Win32
	EndGlobalSection
	GlobalSection(SolutionProperties) = preSolution
		HideSolutionNode = FALSE
	EndGlobalSection
	GlobalSection(ExtensibilityGlobals) = postSolution
		SolutionGuid = {BDF1EE4F-2FC4-416A-8789-F48698A3E81C}
	EndGlobalSection
EndGlobal
